
Microsoft Visual Studio Solution File, Format Version 10.00
# Visual C# Express 2008
Project("{FAE04EC0-301F-11D3-BF4B-00C04F79EFBC}") = "PokerCoCClient", "PokerCoCClient\PokerCoCClient.csproj", "{CCAA8E56-1B96-4C9F-9D1D-80060528CC84}"
EndProject
Global
	GlobalSection(SolutionConfigurationPlatforms) = preSolution
		Debug|Any CPU = Debug|Any CPU
		Release|Any CPU = Release|Any CPU
	EndGlobalSection
	GlobalSection(ProjectConfigurationPlatforms) = postSolution
		{CCAA8E56-1B96-4C9F-9D1D-80060528CC84}.Debug|Any CPU.ActiveCfg = Debug|Any CPU
		{CCAA8E56-1B96-4C9F-9D1D-80060528CC84}.Debug|Any CPU.Build.0 = Debug|Any CPU
		{CCAA8E56-1B96-4C9F-9D1D-80060528CC84}.Release|Any CPU.ActiveCfg = Release|Any CPU
		{CCAA8E56-1B96-4C9F-9D1D-80060528CC84}.Release|Any CPU.Build.0 = Release|Any CPU
	EndGlobalSection
	GlobalSection(SolutionProperties) = preSolution
		HideSolutionNode = FALSE
	EndGlobalSection
EndGlobal
