
Microsoft Visual Studio Solution File, Format Version 9.00
# Visual Studio 2005
Project("{FAE04EC0-301F-11D3-BF4B-00C04F79EFBC}") = "FuseBurner", "FuseBurner\FuseBurner.csproj", "{B5F1B38C-A74C-46F8-A425-BFA2372FDF3D}"
EndProject
Global
	GlobalSection(SolutionConfigurationPlatforms) = preSolution
		Debug|Any CPU = Debug|Any CPU
		Release|Any CPU = Release|Any CPU
	EndGlobalSection
	GlobalSection(ProjectConfigurationPlatforms) = postSolution
		{B5F1B38C-A74C-46F8-A425-BFA2372FDF3D}.Debug|Any CPU.ActiveCfg = Debug|Any CPU
		{B5F1B38C-A74C-46F8-A425-BFA2372FDF3D}.Debug|Any CPU.Build.0 = Debug|Any CPU
		{B5F1B38C-A74C-46F8-A425-BFA2372FDF3D}.Release|Any CPU.ActiveCfg = Release|Any CPU
		{B5F1B38C-A74C-46F8-A425-BFA2372FDF3D}.Release|Any CPU.Build.0 = Release|Any CPU
	EndGlobalSection
	GlobalSection(SolutionProperties) = preSolution
		HideSolutionNode = FALSE
	EndGlobalSection
EndGlobal
