
Microsoft Visual Studio Solution File, Format Version 10.00
# Visual C# Express 2008
Project("{FAE04EC0-301F-11D3-BF4B-00C04F79EFBC}") = "PlainTextClipboard", "PlainTextClipboard\PlainTextClipboard.csproj", "{AFCBDCB6-5355-4C6B-B8CC-269C71E30774}"
EndProject
Global
	GlobalSection(SolutionConfigurationPlatforms) = preSolution
		Debug|Any CPU = Debug|Any CPU
		Release|Any CPU = Release|Any CPU
	EndGlobalSection
	GlobalSection(ProjectConfigurationPlatforms) = postSolution
		{AFCBDCB6-5355-4C6B-B8CC-269C71E30774}.Debug|Any CPU.ActiveCfg = Debug|Any CPU
		{AFCBDCB6-5355-4C6B-B8CC-269C71E30774}.Debug|Any CPU.Build.0 = Debug|Any CPU
		{AFCBDCB6-5355-4C6B-B8CC-269C71E30774}.Release|Any CPU.ActiveCfg = Release|Any CPU
		{AFCBDCB6-5355-4C6B-B8CC-269C71E30774}.Release|Any CPU.Build.0 = Release|Any CPU
	EndGlobalSection
	GlobalSection(SolutionProperties) = preSolution
		HideSolutionNode = FALSE
	EndGlobalSection
EndGlobal
